{
  "name": "FIRSTSEM PROJECT",
  "lockfileVersion": 3,
  "requires": true,
  "packages": {
    "": {
      "dependencies": {
        "docx2pdf-converter": "^1.0.0"
      }
    },
    "node_modules/docx2pdf-converter": {
      "version": "1.0.0",
      "resolved": "https://registry.npmjs.org/docx2pdf-converter/-/docx2pdf-converter-1.0.0.tgz",
      "integrity": "sha512-kc1fGHc+BeFcjYuUPiZklTRzOSTRZz7ylem7R5wwydYnZ5gLYEpPbr2Gj5QfXWbRl8k/x0kKgKxcM9vn+O4QAw=="
    }
  }
}
